
Microsoft Visual Studio Solution File, Format Version 12.00
# Visual Studio 2012
Project("{FAE04EC0-301F-11D3-BF4B-00C04F79EFBC}") = "MarsRover", "MarsRover\MarsRover.csproj", "{6CF8909C-E7BD-4C24-AF55-3645F60EEA1A}"
EndProject
Project("{FAE04EC0-301F-11D3-BF4B-00C04F79EFBC}") = "MarsRover.Tests", "MarsRover.Tests\MarsRover.Tests.csproj", "{6799F447-EE90-4ADB-9CAB-5980E208E644}"
EndProject
Project("{FAE04EC0-301F-11D3-BF4B-00C04F79EFBC}") = "MarsRoverCore", "MarsRoverCore\MarsRoverCore.csproj", "{462920F3-7F8F-471F-96AE-139AC3EF8955}"
EndProject
Global
	GlobalSection(SolutionConfigurationPlatforms) = preSolution
		Debug|Any CPU = Debug|Any CPU
		Release|Any CPU = Release|Any CPU
	EndGlobalSection
	GlobalSection(ProjectConfigurationPlatforms) = postSolution
		{6CF8909C-E7BD-4C24-AF55-3645F60EEA1A}.Debug|Any CPU.ActiveCfg = Debug|Any CPU
		{6CF8909C-E7BD-4C24-AF55-3645F60EEA1A}.Debug|Any CPU.Build.0 = Debug|Any CPU
		{6CF8909C-E7BD-4C24-AF55-3645F60EEA1A}.Release|Any CPU.ActiveCfg = Release|Any CPU
		{6CF8909C-E7BD-4C24-AF55-3645F60EEA1A}.Release|Any CPU.Build.0 = Release|Any CPU
		{6799F447-EE90-4ADB-9CAB-5980E208E644}.Debug|Any CPU.ActiveCfg = Debug|Any CPU
		{6799F447-EE90-4ADB-9CAB-5980E208E644}.Debug|Any CPU.Build.0 = Debug|Any CPU
		{6799F447-EE90-4ADB-9CAB-5980E208E644}.Release|Any CPU.ActiveCfg = Release|Any CPU
		{6799F447-EE90-4ADB-9CAB-5980E208E644}.Release|Any CPU.Build.0 = Release|Any CPU
		{462920F3-7F8F-471F-96AE-139AC3EF8955}.Debug|Any CPU.ActiveCfg = Debug|Any CPU
		{462920F3-7F8F-471F-96AE-139AC3EF8955}.Debug|Any CPU.Build.0 = Debug|Any CPU
		{462920F3-7F8F-471F-96AE-139AC3EF8955}.Release|Any CPU.ActiveCfg = Release|Any CPU
		{462920F3-7F8F-471F-96AE-139AC3EF8955}.Release|Any CPU.Build.0 = Release|Any CPU
	EndGlobalSection
	GlobalSection(SolutionProperties) = preSolution
		HideSolutionNode = FALSE
	EndGlobalSection
EndGlobal
